
Microsoft Visual Studio Solution File, Format Version 12.00
# Visual Studio 14
VisualStudioVersion = 14.0.25123.0
MinimumVisualStudioVersion = 10.0.40219.1
Project("{FAE04EC0-301F-11D3-BF4B-00C04F79EFBC}") = "MVC_Localization", "MVC_Localization\MVC_Localization.csproj", "{C3B1830E-0037-4B2C-A2A4-6982145B3D46}"
	ProjectSection(ProjectDependencies) = postProject
		{DB6F05F1-E2A1-4300-A76B-4D8DD8F9EBEC} = {DB6F05F1-E2A1-4300-A76B-4D8DD8F9EBEC}
	EndProjectSection
EndProject
Project("{FAE04EC0-301F-11D3-BF4B-00C04F79EFBC}") = "ViewResources", "ViewResources\ViewResources.csproj", "{DB6F05F1-E2A1-4300-A76B-4D8DD8F9EBEC}"
EndProject
Global
	GlobalSection(SolutionConfigurationPlatforms) = preSolution
		Debug|Any CPU = Debug|Any CPU
		Release|Any CPU = Release|Any CPU
	EndGlobalSection
	GlobalSection(ProjectConfigurationPlatforms) = postSolution
		{C3B1830E-0037-4B2C-A2A4-6982145B3D46}.Debug|Any CPU.ActiveCfg = Debug|Any CPU
		{C3B1830E-0037-4B2C-A2A4-6982145B3D46}.Debug|Any CPU.Build.0 = Debug|Any CPU
		{C3B1830E-0037-4B2C-A2A4-6982145B3D46}.Release|Any CPU.ActiveCfg = Release|Any CPU
		{C3B1830E-0037-4B2C-A2A4-6982145B3D46}.Release|Any CPU.Build.0 = Release|Any CPU
		{DB6F05F1-E2A1-4300-A76B-4D8DD8F9EBEC}.Debug|Any CPU.ActiveCfg = Debug|Any CPU
		{DB6F05F1-E2A1-4300-A76B-4D8DD8F9EBEC}.Debug|Any CPU.Build.0 = Debug|Any CPU
		{DB6F05F1-E2A1-4300-A76B-4D8DD8F9EBEC}.Release|Any CPU.ActiveCfg = Release|Any CPU
		{DB6F05F1-E2A1-4300-A76B-4D8DD8F9EBEC}.Release|Any CPU.Build.0 = Release|Any CPU
	EndGlobalSection
	GlobalSection(SolutionProperties) = preSolution
		HideSolutionNode = FALSE
	EndGlobalSection
EndGlobal
